
Microsoft Visual Studio Solution File, Format Version 12.00
# Visual Studio Version 17
VisualStudioVersion = 17.1.32328.378
MinimumVisualStudioVersion = 10.0.40219.1
Project("{FAE04EC0-301F-11D3-BF4B-00C04F79EFBC}") = "EFCorePeliculas", "EFCorePeliculas.csproj", "{812E9EE2-0516-4E5D-A033-772EA9C6BF34}"
EndProject
Global
	GlobalSection(SolutionConfigurationPlatforms) = preSolution
		Debug|Any CPU = Debug|Any CPU
		Release|Any CPU = Release|Any CPU
	EndGlobalSection
	GlobalSection(ProjectConfigurationPlatforms) = postSolution
		{812E9EE2-0516-4E5D-A033-772EA9C6BF34}.Debug|Any CPU.ActiveCfg = Debug|Any CPU
		{812E9EE2-0516-4E5D-A033-772EA9C6BF34}.Debug|Any CPU.Build.0 = Debug|Any CPU
		{812E9EE2-0516-4E5D-A033-772EA9C6BF34}.Release|Any CPU.ActiveCfg = Release|Any CPU
		{812E9EE2-0516-4E5D-A033-772EA9C6BF34}.Release|Any CPU.Build.0 = Release|Any CPU
	EndGlobalSection
	GlobalSection(SolutionProperties) = preSolution
		HideSolutionNode = FALSE
	EndGlobalSection
	GlobalSection(ExtensibilityGlobals) = postSolution
		SolutionGuid = {3197C912-9DDE-42F6-A7AF-F01DD71B0A30}
	EndGlobalSection
EndGlobal
